// !$*UTF8*$!
{
	archiveVersion = 1;
	classes = {
	};
	objectVersion = 50;
	objects = {

/* Begin PBXBuildFile section */
		9286B0D5280451E700F53703 /* AppDelegate.swift in Sources */ = {isa = PBXBuildFile; fileRef = 9286B0D4280451E700F53703 /* AppDelegate.swift */; };
		9286B0D7280451E700F53703 /* SceneDelegate.swift in Sources */ = {isa = PBXBuildFile; fileRef = 9286B0D6280451E700F53703 /* SceneDelegate.swift */; };
		9286B0E1280451EB00F53703 /* Assets.xcassets in Resources */ = {isa = PBXBuildFile; fileRef = 9286B0E0280451EB00F53703 /* Assets.xcassets */; };
		9286B0E4280451EB00F53703 /* LaunchScreen.storyboard in Resources */ = {isa = PBXBuildFile; fileRef = 9286B0E2280451EB00F53703 /* LaunchScreen.storyboard */; };
		9286B0F12804580900F53703 /* DialogueListingViewController.swift in Sources */ = {isa = PBXBuildFile; fileRef = 9286B0EF2804580900F53703 /* DialogueListingViewController.swift */; };
		9286B0F22804580900F53703 /* DialogueListingViewController.xib in Resources */ = {isa = PBXBuildFile; fileRef = 9286B0F02804580900F53703 /* DialogueListingViewController.xib */; };
		9286B0F82804646D00F53703 /* DialogueListingTableViewCell.swift in Sources */ = {isa = PBXBuildFile; fileRef = 9286B0F62804646D00F53703 /* DialogueListingTableViewCell.swift */; };
		9286B0F92804646D00F53703 /* DialogueListingTableViewCell.xib in Resources */ = {isa = PBXBuildFile; fileRef = 9286B0F72804646D00F53703 /* DialogueListingTableViewCell.xib */; };
		9286B0FD2804A9AC00F53703 /* UserTableViewCell.swift in Sources */ = {isa = PBXBuildFile; fileRef = 9286B0FB2804A9AC00F53703 /* UserTableViewCell.swift */; };
		9286B0FE2804A9AC00F53703 /* UserTableViewCell.xib in Resources */ = {isa = PBXBuildFile; fileRef = 9286B0FC2804A9AC00F53703 /* UserTableViewCell.xib */; };
		9286B1022804AEBE00F53703 /* BotTableViewCell.swift in Sources */ = {isa = PBXBuildFile; fileRef = 9286B1002804AEBE00F53703 /* BotTableViewCell.swift */; };
		9286B1032804AEBE00F53703 /* BotTableViewCell.xib in Resources */ = {isa = PBXBuildFile; fileRef = 9286B1012804AEBE00F53703 /* BotTableViewCell.xib */; };
		9286B10C28054E4700F53703 /* UIColor.swift in Sources */ = {isa = PBXBuildFile; fileRef = 9286B10B28054E4700F53703 /* UIColor.swift */; };
		9286B11028055EC400F53703 /* ChatViewController.swift in Sources */ = {isa = PBXBuildFile; fileRef = 9286B10E28055EC400F53703 /* ChatViewController.swift */; };
		9286B11128055EC400F53703 /* ChatViewController.xib in Resources */ = {isa = PBXBuildFile; fileRef = 9286B10F28055EC400F53703 /* ChatViewController.xib */; };
		9286B1252806C51E00F53703 /* Date.swift in Sources */ = {isa = PBXBuildFile; fileRef = 9286B1242806C51E00F53703 /* Date.swift */; };
		92B75B1F2806E5B200B58B93 /* ChatDataModel.xcdatamodeld in Sources */ = {isa = PBXBuildFile; fileRef = 92B75B1D2806E5B200B58B93 /* ChatDataModel.xcdatamodeld */; };
		92B75B262806F18600B58B93 /* BotDetail+CoreDataClass.swift in Sources */ = {isa = PBXBuildFile; fileRef = 92B75B242806F18600B58B93 /* BotDetail+CoreDataClass.swift */; };
		92B75B272806F18600B58B93 /* BotDetail+CoreDataProperties.swift in Sources */ = {isa = PBXBuildFile; fileRef = 92B75B252806F18600B58B93 /* BotDetail+CoreDataProperties.swift */; };
		92C4530E2807DCCA00E53DBA /* ChatMessages+CoreDataClass.swift in Sources */ = {isa = PBXBuildFile; fileRef = 92C4530C2807DCCA00E53DBA /* ChatMessages+CoreDataClass.swift */; };
		92C4530F2807DCCA00E53DBA /* ChatMessages+CoreDataProperties.swift in Sources */ = {isa = PBXBuildFile; fileRef = 92C4530D2807DCCA00E53DBA /* ChatMessages+CoreDataProperties.swift */; };
		92C453112808064000E53DBA /* DialogueListViewModel.swift in Sources */ = {isa = PBXBuildFile; fileRef = 92C453102808064000E53DBA /* DialogueListViewModel.swift */; };
		92C453132808081900E53DBA /* Observable.swift in Sources */ = {isa = PBXBuildFile; fileRef = 92C453122808081900E53DBA /* Observable.swift */; };
		92C4531528081AF000E53DBA /* ChatDetailViewModel.swift in Sources */ = {isa = PBXBuildFile; fileRef = 92C4531428081AF000E53DBA /* ChatDetailViewModel.swift */; };
		92C453952812AEAA00E53DBA /* String.swift in Sources */ = {isa = PBXBuildFile; fileRef = 92C453942812AEAA00E53DBA /* String.swift */; };
		92C453972812DBC300E53DBA /* UITextView.swift in Sources */ = {isa = PBXBuildFile; fileRef = 92C453962812DBC300E53DBA /* UITextView.swift */; };
/* End PBXBuildFile section */

/* Begin PBXFileReference section */
		9286B0D1280451E700F53703 /* Chatbot.app */ = {isa = PBXFileReference; explicitFileType = wrapper.application; includeInIndex = 0; path = Chatbot.app; sourceTree = BUILT_PRODUCTS_DIR; };
		9286B0D4280451E700F53703 /* AppDelegate.swift */ = {isa = PBXFileReference; lastKnownFileType = sourcecode.swift; path = AppDelegate.swift; sourceTree = "<group>"; };
		9286B0D6280451E700F53703 /* SceneDelegate.swift */ = {isa = PBXFileReference; lastKnownFileType = sourcecode.swift; path = SceneDelegate.swift; sourceTree = "<group>"; };
		9286B0E0280451EB00F53703 /* Assets.xcassets */ = {isa = PBXFileReference; lastKnownFileType = folder.assetcatalog; path = Assets.xcassets; sourceTree = "<group>"; };
		9286B0E3280451EB00F53703 /* Base */ = {isa = PBXFileReference; lastKnownFileType = file.storyboard; name = Base; path = Base.lproj/LaunchScreen.storyboard; sourceTree = "<group>"; };
		9286B0E5280451EB00F53703 /* Info.plist */ = {isa = PBXFileReference; lastKnownFileType = text.plist.xml; path = Info.plist; sourceTree = "<group>"; };
		9286B0EF2804580900F53703 /* DialogueListingViewController.swift */ = {isa = PBXFileReference; lastKnownFileType = sourcecode.swift; path = DialogueListingViewController.swift; sourceTree = "<group>"; };
		9286B0F02804580900F53703 /* DialogueListingViewController.xib */ = {isa = PBXFileReference; lastKnownFileType = file.xib; path = DialogueListingViewController.xib; sourceTree = "<group>"; };
		9286B0F62804646D00F53703 /* DialogueListingTableViewCell.swift */ = {isa = PBXFileReference; lastKnownFileType = sourcecode.swift; path = DialogueListingTableViewCell.swift; sourceTree = "<group>"; };
		9286B0F72804646D00F53703 /* DialogueListingTableViewCell.xib */ = {isa = PBXFileReference; lastKnownFileType = file.xib; path = DialogueListingTableViewCell.xib; sourceTree = "<group>"; };
		9286B0FB2804A9AC00F53703 /* UserTableViewCell.swift */ = {isa = PBXFileReference; lastKnownFileType = sourcecode.swift; path = UserTableViewCell.swift; sourceTree = "<group>"; };
		9286B0FC2804A9AC00F53703 /* UserTableViewCell.xib */ = {isa = PBXFileReference; lastKnownFileType = file.xib; path = UserTableViewCell.xib; sourceTree = "<group>"; };
		9286B1002804AEBE00F53703 /* BotTableViewCell.swift */ = {isa = PBXFileReference; lastKnownFileType = sourcecode.swift; path = BotTableViewCell.swift; sourceTree = "<group>"; };
		9286B1012804AEBE00F53703 /* BotTableViewCell.xib */ = {isa = PBXFileReference; lastKnownFileType = file.xib; path = BotTableViewCell.xib; sourceTree = "<group>"; };
		9286B10B28054E4700F53703 /* UIColor.swift */ = {isa = PBXFileReference; lastKnownFileType = sourcecode.swift; path = UIColor.swift; sourceTree = "<group>"; };
		9286B10E28055EC400F53703 /* ChatViewController.swift */ = {isa = PBXFileReference; lastKnownFileType = sourcecode.swift; path = ChatViewController.swift; sourceTree = "<group>"; };
		9286B10F28055EC400F53703 /* ChatViewController.xib */ = {isa = PBXFileReference; lastKnownFileType = file.xib; path = ChatViewController.xib; sourceTree = "<group>"; };
		9286B1242806C51E00F53703 /* Date.swift */ = {isa = PBXFileReference; lastKnownFileType = sourcecode.swift; path = Date.swift; sourceTree = "<group>"; };
		92B75B1E2806E5B200B58B93 /* ChatDataModel.xcdatamodel */ = {isa = PBXFileReference; lastKnownFileType = wrapper.xcdatamodel; path = ChatDataModel.xcdatamodel; sourceTree = "<group>"; };
		92B75B242806F18600B58B93 /* BotDetail+CoreDataClass.swift */ = {isa = PBXFileReference; lastKnownFileType = sourcecode.swift; path = "BotDetail+CoreDataClass.swift"; sourceTree = "<group>"; };
		92B75B252806F18600B58B93 /* BotDetail+CoreDataProperties.swift */ = {isa = PBXFileReference; lastKnownFileType = sourcecode.swift; path = "BotDetail+CoreDataProperties.swift"; sourceTree = "<group>"; };
		92C4530C2807DCCA00E53DBA /* ChatMessages+CoreDataClass.swift */ = {isa = PBXFileReference; lastKnownFileType = sourcecode.swift; path = "ChatMessages+CoreDataClass.swift"; sourceTree = "<group>"; };
		92C4530D2807DCCA00E53DBA /* ChatMessages+CoreDataProperties.swift */ = {isa = PBXFileReference; lastKnownFileType = sourcecode.swift; path = "ChatMessages+CoreDataProperties.swift"; sourceTree = "<group>"; };
		92C453102808064000E53DBA /* DialogueListViewModel.swift */ = {isa = PBXFileReference; lastKnownFileType = sourcecode.swift; path = DialogueListViewModel.swift; sourceTree = "<group>"; };
		92C453122808081900E53DBA /* Observable.swift */ = {isa = PBXFileReference; lastKnownFileType = sourcecode.swift; path = Observable.swift; sourceTree = "<group>"; };
		92C4531428081AF000E53DBA /* ChatDetailViewModel.swift */ = {isa = PBXFileReference; lastKnownFileType = sourcecode.swift; path = ChatDetailViewModel.swift; sourceTree = "<group>"; };
		92C453942812AEAA00E53DBA /* String.swift */ = {isa = PBXFileReference; lastKnownFileType = sourcecode.swift; path = String.swift; sourceTree = "<group>"; };
		92C453962812DBC300E53DBA /* UITextView.swift */ = {isa = PBXFileReference; lastKnownFileType = sourcecode.swift; path = UITextView.swift; sourceTree = "<group>"; };
/* End PBXFileReference section */

/* Begin PBXFrameworksBuildPhase section */
		9286B0CE280451E700F53703 /* Frameworks */ = {
			isa = PBXFrameworksBuildPhase;
			buildActionMask = 2147483647;
			files = (
			);
			runOnlyForDeploymentPostprocessing = 0;
		};
/* End PBXFrameworksBuildPhase section */

/* Begin PBXGroup section */
		9286B0C8280451E700F53703 = {
			isa = PBXGroup;
			children = (
				92B75B1D2806E5B200B58B93 /* ChatDataModel.xcdatamodeld */,
				9286B0D3280451E700F53703 /* Chatbot */,
				9286B0D2280451E700F53703 /* Products */,
			);
			sourceTree = "<group>";
		};
		9286B0D2280451E700F53703 /* Products */ = {
			isa = PBXGroup;
			children = (
				9286B0D1280451E700F53703 /* Chatbot.app */,
			);
			name = Products;
			sourceTree = "<group>";
		};
		9286B0D3280451E700F53703 /* Chatbot */ = {
			isa = PBXGroup;
			children = (
				9286B10A28054E3400F53703 /* Extension */,
				9286B0ED2804547C00F53703 /* ViewModel */,
				9286B0EC2804546A00F53703 /* Model */,
				9286B0EB2804545C00F53703 /* View */,
				9286B0D4280451E700F53703 /* AppDelegate.swift */,
				9286B0D6280451E700F53703 /* SceneDelegate.swift */,
				9286B0E0280451EB00F53703 /* Assets.xcassets */,
				9286B0E2280451EB00F53703 /* LaunchScreen.storyboard */,
				9286B0E5280451EB00F53703 /* Info.plist */,
			);
			path = Chatbot;
			sourceTree = "<group>";
		};
		9286B0EB2804545C00F53703 /* View */ = {
			isa = PBXGroup;
			children = (
				9286B0F428045B4D00F53703 /* Cells */,
				9286B0F328045A6000F53703 /* Controller */,
			);
			path = View;
			sourceTree = "<group>";
		};
		9286B0EC2804546A00F53703 /* Model */ = {
			isa = PBXGroup;
			children = (
				92B75B242806F18600B58B93 /* BotDetail+CoreDataClass.swift */,
				92B75B252806F18600B58B93 /* BotDetail+CoreDataProperties.swift */,
				92C4530C2807DCCA00E53DBA /* ChatMessages+CoreDataClass.swift */,
				92C4530D2807DCCA00E53DBA /* ChatMessages+CoreDataProperties.swift */,
			);
			path = Model;
			sourceTree = "<group>";
		};
		9286B0ED2804547C00F53703 /* ViewModel */ = {
			isa = PBXGroup;
			children = (
				92C453102808064000E53DBA /* DialogueListViewModel.swift */,
				92C4531428081AF000E53DBA /* ChatDetailViewModel.swift */,
			);
			path = ViewModel;
			sourceTree = "<group>";
		};
		9286B0EE2804574500F53703 /* DialogueListing */ = {
			isa = PBXGroup;
			children = (
				9286B0EF2804580900F53703 /* DialogueListingViewController.swift */,
				9286B0F02804580900F53703 /* DialogueListingViewController.xib */,
			);
			path = DialogueListing;
			sourceTree = "<group>";
		};
		9286B0F328045A6000F53703 /* Controller */ = {
			isa = PBXGroup;
			children = (
				9286B10D28055E9200F53703 /* Chat Detail */,
				9286B0EE2804574500F53703 /* DialogueListing */,
			);
			path = Controller;
			sourceTree = "<group>";
		};
		9286B0F428045B4D00F53703 /* Cells */ = {
			isa = PBXGroup;
			children = (
				9286B1042804B0EB00F53703 /* Alerts */,
				9286B0FF2804AEA600F53703 /* BotMessage */,
				9286B0FA2804A96500F53703 /* UserMessage */,
				9286B0F52804644800F53703 /* DialogueListing */,
			);
			path = Cells;
			sourceTree = "<group>";
		};
		9286B0F52804644800F53703 /* DialogueListing */ = {
			isa = PBXGroup;
			children = (
				9286B0F62804646D00F53703 /* DialogueListingTableViewCell.swift */,
				9286B0F72804646D00F53703 /* DialogueListingTableViewCell.xib */,
			);
			path = DialogueListing;
			sourceTree = "<group>";
		};
		9286B0FA2804A96500F53703 /* UserMessage */ = {
			isa = PBXGroup;
			children = (
				9286B0FB2804A9AC00F53703 /* UserTableViewCell.swift */,
				9286B0FC2804A9AC00F53703 /* UserTableViewCell.xib */,
			);
			path = UserMessage;
			sourceTree = "<group>";
		};
		9286B0FF2804AEA600F53703 /* BotMessage */ = {
			isa = PBXGroup;
			children = (
				9286B1002804AEBE00F53703 /* BotTableViewCell.swift */,
				9286B1012804AEBE00F53703 /* BotTableViewCell.xib */,
			);
			path = BotMessage;
			sourceTree = "<group>";
		};
		9286B1042804B0EB00F53703 /* Alerts */ = {
			isa = PBXGroup;
			children = (
			);
			name = Alerts;
			path = ..;
			sourceTree = "<group>";
		};
		9286B10A28054E3400F53703 /* Extension */ = {
			isa = PBXGroup;
			children = (
				9286B10B28054E4700F53703 /* UIColor.swift */,
				9286B1242806C51E00F53703 /* Date.swift */,
				92C453122808081900E53DBA /* Observable.swift */,
				92C453942812AEAA00E53DBA /* String.swift */,
				92C453962812DBC300E53DBA /* UITextView.swift */,
			);
			path = Extension;
			sourceTree = "<group>";
		};
		9286B10D28055E9200F53703 /* Chat Detail */ = {
			isa = PBXGroup;
			children = (
				9286B10E28055EC400F53703 /* ChatViewController.swift */,
				9286B10F28055EC400F53703 /* ChatViewController.xib */,
			);
			path = "Chat Detail";
			sourceTree = "<group>";
		};
/* End PBXGroup section */

/* Begin PBXNativeTarget section */
		9286B0D0280451E700F53703 /* Chatbot */ = {
			isa = PBXNativeTarget;
			buildConfigurationList = 9286B0E8280451EB00F53703 /* Build configuration list for PBXNativeTarget "Chatbot" */;
			buildPhases = (
				9286B0CD280451E700F53703 /* Sources */,
				9286B0CE280451E700F53703 /* Frameworks */,
				9286B0CF280451E700F53703 /* Resources */,
			);
			buildRules = (
			);
			dependencies = (
			);
			name = Chatbot;
			productName = Chatbot;
			productReference = 9286B0D1280451E700F53703 /* Chatbot.app */;
			productType = "com.apple.product-type.application";
		};
/* End PBXNativeTarget section */

/* Begin PBXProject section */
		9286B0C9280451E700F53703 /* Project object */ = {
			isa = PBXProject;
			attributes = {
				LastSwiftUpdateCheck = 1250;
				LastUpgradeCheck = 1250;
				TargetAttributes = {
					9286B0D0280451E700F53703 = {
						CreatedOnToolsVersion = 12.5.1;
					};
				};
			};
			buildConfigurationList = 9286B0CC280451E700F53703 /* Build configuration list for PBXProject "Chatbot" */;
			compatibilityVersion = "Xcode 9.3";
			developmentRegion = en;
			hasScannedForEncodings = 0;
			knownRegions = (
				en,
				Base,
			);
			mainGroup = 9286B0C8280451E700F53703;
			productRefGroup = 9286B0D2280451E700F53703 /* Products */;
			projectDirPath = "";
			projectRoot = "";
			targets = (
				9286B0D0280451E700F53703 /* Chatbot */,
			);
		};
/* End PBXProject section */

/* Begin PBXResourcesBuildPhase section */
		9286B0CF280451E700F53703 /* Resources */ = {
			isa = PBXResourcesBuildPhase;
			buildActionMask = 2147483647;
			files = (
				9286B0F92804646D00F53703 /* DialogueListingTableViewCell.xib in Resources */,
				9286B0F22804580900F53703 /* DialogueListingViewController.xib in Resources */,
				9286B0E4280451EB00F53703 /* LaunchScreen.storyboard in Resources */,
				9286B0E1280451EB00F53703 /* Assets.xcassets in Resources */,
				9286B0FE2804A9AC00F53703 /* UserTableViewCell.xib in Resources */,
				9286B1032804AEBE00F53703 /* BotTableViewCell.xib in Resources */,
				9286B11128055EC400F53703 /* ChatViewController.xib in Resources */,
			);
			runOnlyForDeploymentPostprocessing = 0;
		};
/* End PBXResourcesBuildPhase section */

/* Begin PBXSourcesBuildPhase section */
		9286B0CD280451E700F53703 /* Sources */ = {
			isa = PBXSourcesBuildPhase;
			buildActionMask = 2147483647;
			files = (
				92C453952812AEAA00E53DBA /* String.swift in Sources */,
				9286B1022804AEBE00F53703 /* BotTableViewCell.swift in Sources */,
				9286B1252806C51E00F53703 /* Date.swift in Sources */,
				9286B0F12804580900F53703 /* DialogueListingViewController.swift in Sources */,
				9286B10C28054E4700F53703 /* UIColor.swift in Sources */,
				92C4530F2807DCCA00E53DBA /* ChatMessages+CoreDataProperties.swift in Sources */,
				9286B0F82804646D00F53703 /* DialogueListingTableViewCell.swift in Sources */,
				9286B0D5280451E700F53703 /* AppDelegate.swift in Sources */,
				92C453112808064000E53DBA /* DialogueListViewModel.swift in Sources */,
				92C4531528081AF000E53DBA /* ChatDetailViewModel.swift in Sources */,
				92B75B1F2806E5B200B58B93 /* ChatDataModel.xcdatamodeld in Sources */,
				92B75B262806F18600B58B93 /* BotDetail+CoreDataClass.swift in Sources */,
				9286B0FD2804A9AC00F53703 /* UserTableViewCell.swift in Sources */,
				92C453132808081900E53DBA /* Observable.swift in Sources */,
				9286B11028055EC400F53703 /* ChatViewController.swift in Sources */,
				9286B0D7280451E700F53703 /* SceneDelegate.swift in Sources */,
				92C453972812DBC300E53DBA /* UITextView.swift in Sources */,
				92C4530E2807DCCA00E53DBA /* ChatMessages+CoreDataClass.swift in Sources */,
				92B75B272806F18600B58B93 /* BotDetail+CoreDataProperties.swift in Sources */,
			);
			runOnlyForDeploymentPostprocessing = 0;
		};
/* End PBXSourcesBuildPhase section */

/* Begin PBXVariantGroup section */
		9286B0E2280451EB00F53703 /* LaunchScreen.storyboard */ = {
			isa = PBXVariantGroup;
			children = (
				9286B0E3280451EB00F53703 /* Base */,
			);
			name = LaunchScreen.storyboard;
			sourceTree = "<group>";
		};
/* End PBXVariantGroup section */

/* Begin XCBuildConfiguration section */
		9286B0E6280451EB00F53703 /* Debug */ = {
			isa = XCBuildConfiguration;
			buildSettings = {
				ALWAYS_SEARCH_USER_PATHS = NO;
				CLANG_ANALYZER_NONNULL = YES;
				CLANG_ANALYZER_NUMBER_OBJECT_CONVERSION = YES_AGGRESSIVE;
				CLANG_CXX_LANGUAGE_STANDARD = "gnu++14";
				CLANG_CXX_LIBRARY = "libc++";
				CLANG_ENABLE_MODULES = YES;
				CLANG_ENABLE_OBJC_ARC = YES;
				CLANG_ENABLE_OBJC_WEAK = YES;
				CLANG_WARN_BLOCK_CAPTURE_AUTORELEASING = YES;
				CLANG_WARN_BOOL_CONVERSION = YES;
				CLANG_WARN_COMMA = YES;
				CLANG_WARN_CONSTANT_CONVERSION = YES;
				CLANG_WARN_DEPRECATED_OBJC_IMPLEMENTATIONS = YES;
				CLANG_WARN_DIRECT_OBJC_ISA_USAGE = YES_ERROR;
				CLANG_WARN_DOCUMENTATION_COMMENTS = YES;
				CLANG_WARN_EMPTY_BODY = YES;
				CLANG_WARN_ENUM_CONVERSION = YES;
				CLANG_WARN_INFINITE_RECURSION = YES;
				CLANG_WARN_INT_CONVERSION = YES;
				CLANG_WARN_NON_LITERAL_NULL_CONVERSION = YES;
				CLANG_WARN_OBJC_IMPLICIT_RETAIN_SELF = YES;
				CLANG_WARN_OBJC_LITERAL_CONVERSION = YES;
				CLANG_WARN_OBJC_ROOT_CLASS = YES_ERROR;
				CLANG_WARN_QUOTED_INCLUDE_IN_FRAMEWORK_HEADER = YES;
				CLANG_WARN_RANGE_LOOP_ANALYSIS = YES;
				CLANG_WARN_STRICT_PROTOTYPES = YES;
				CLANG_WARN_SUSPICIOUS_MOVE = YES;
				CLANG_WARN_UNGUARDED_AVAILABILITY = YES_AGGRESSIVE;
				CLANG_WARN_UNREACHABLE_CODE = YES;
				CLANG_WARN__DUPLICATE_METHOD_MATCH = YES;
				COPY_PHASE_STRIP = NO;
				DEBUG_INFORMATION_FORMAT = dwarf;
				ENABLE_STRICT_OBJC_MSGSEND = YES;
				ENABLE_TESTABILITY = YES;
				GCC_C_LANGUAGE_STANDARD = gnu11;
				GCC_DYNAMIC_NO_PIC = NO;
				GCC_NO_COMMON_BLOCKS = YES;
				GCC_OPTIMIZATION_LEVEL = 0;
				GCC_PREPROCESSOR_DEFINITIONS = (
					"DEBUG=1",
					"$(inherited)",
				);
				GCC_WARN_64_TO_32_BIT_CONVERSION = YES;
				GCC_WARN_ABOUT_RETURN_TYPE = YES_ERROR;
				GCC_WARN_UNDECLARED_SELECTOR = YES;
				GCC_WARN_UNINITIALIZED_AUTOS = YES_AGGRESSIVE;
				GCC_WARN_UNUSED_FUNCTION = YES;
				GCC_WARN_UNUSED_VARIABLE = YES;
				IPHONEOS_DEPLOYMENT_TARGET = 14.5;
				MTL_ENABLE_DEBUG_INFO = INCLUDE_SOURCE;
				MTL_FAST_MATH = YES;
				ONLY_ACTIVE_ARCH = YES;
				SDKROOT = iphoneos;
				SWIFT_ACTIVE_COMPILATION_CONDITIONS = DEBUG;
				SWIFT_OPTIMIZATION_LEVEL = "-Onone";
			};
			name = Debug;
		};
		9286B0E7280451EB00F53703 /* Release */ = {
			isa = XCBuildConfiguration;
			buildSettings = {
				ALWAYS_SEARCH_USER_PATHS = NO;
				CLANG_ANALYZER_NONNULL = YES;
				CLANG_ANALYZER_NUMBER_OBJECT_CONVERSION = YES_AGGRESSIVE;
				CLANG_CXX_LANGUAGE_STANDARD = "gnu++14";
				CLANG_CXX_LIBRARY = "libc++";
				CLANG_ENABLE_MODULES = YES;
				CLANG_ENABLE_OBJC_ARC = YES;
				CLANG_ENABLE_OBJC_WEAK = YES;
				CLANG_WARN_BLOCK_CAPTURE_AUTORELEASING = YES;
				CLANG_WARN_BOOL_CONVERSION = YES;
				CLANG_WARN_COMMA = YES;
				CLANG_WARN_CONSTANT_CONVERSION = YES;
				CLANG_WARN_DEPRECATED_OBJC_IMPLEMENTATIONS = YES;
				CLANG_WARN_DIRECT_OBJC_ISA_USAGE = YES_ERROR;
				CLANG_WARN_DOCUMENTATION_COMMENTS = YES;
				CLANG_WARN_EMPTY_BODY = YES;
				CLANG_WARN_ENUM_CONVERSION = YES;
				CLANG_WARN_INFINITE_RECURSION = YES;
				CLANG_WARN_INT_CONVERSION = YES;
				CLANG_WARN_NON_LITERAL_NULL_CONVERSION = YES;
				CLANG_WARN_OBJC_IMPLICIT_RETAIN_SELF = YES;
				CLANG_WARN_OBJC_LITERAL_CONVERSION = YES;
				CLANG_WARN_OBJC_ROOT_CLASS = YES_ERROR;
				CLANG_WARN_QUOTED_INCLUDE_IN_FRAMEWORK_HEADER = YES;
				CLANG_WARN_RANGE_LOOP_ANALYSIS = YES;
				CLANG_WARN_STRICT_PROTOTYPES = YES;
				CLANG_WARN_SUSPICIOUS_MOVE = YES;
				CLANG_WARN_UNGUARDED_AVAILABILITY = YES_AGGRESSIVE;
				CLANG_WARN_UNREACHABLE_CODE = YES;
				CLANG_WARN__DUPLICATE_METHOD_MATCH = YES;
				COPY_PHASE_STRIP = NO;
				DEBUG_INFORMATION_FORMAT = "dwarf-with-dsym";
				ENABLE_NS_ASSERTIONS = NO;
				ENABLE_STRICT_OBJC_MSGSEND = YES;
				GCC_C_LANGUAGE_STANDARD = gnu11;
				GCC_NO_COMMON_BLOCKS = YES;
				GCC_WARN_64_TO_32_BIT_CONVERSION = YES;
				GCC_WARN_ABOUT_RETURN_TYPE = YES_ERROR;
				GCC_WARN_UNDECLARED_SELECTOR = YES;
				GCC_WARN_UNINITIALIZED_AUTOS = YES_AGGRESSIVE;
				GCC_WARN_UNUSED_FUNCTION = YES;
				GCC_WARN_UNUSED_VARIABLE = YES;
				IPHONEOS_DEPLOYMENT_TARGET = 14.5;
				MTL_ENABLE_DEBUG_INFO = NO;
				MTL_FAST_MATH = YES;
				SDKROOT = iphoneos;
				SWIFT_COMPILATION_MODE = wholemodule;
				SWIFT_OPTIMIZATION_LEVEL = "-O";
				VALIDATE_PRODUCT = YES;
			};
			name = Release;
		};
		9286B0E9280451EB00F53703 /* Debug */ = {
			isa = XCBuildConfiguration;
			buildSettings = {
				ASSETCATALOG_COMPILER_APPICON_NAME = AppIcon;
				ASSETCATALOG_COMPILER_GLOBAL_ACCENT_COLOR_NAME = AccentColor;
				CODE_SIGN_STYLE = Automatic;
				INFOPLIST_FILE = Chatbot/Info.plist;
				LD_RUNPATH_SEARCH_PATHS = (
					"$(inherited)",
					"@executable_path/Frameworks",
				);
				PRODUCT_BUNDLE_IDENTIFIER = Swift.Chatbot;
				PRODUCT_NAME = "$(TARGET_NAME)";
				SWIFT_VERSION = 5.0;
				TARGETED_DEVICE_FAMILY = "1,2";
			};
			name = Debug;
		};
		9286B0EA280451EB00F53703 /* Release */ = {
			isa = XCBuildConfiguration;
			buildSettings = {
				ASSETCATALOG_COMPILER_APPICON_NAME = AppIcon;
				ASSETCATALOG_COMPILER_GLOBAL_ACCENT_COLOR_NAME = AccentColor;
				CODE_SIGN_STYLE = Automatic;
				INFOPLIST_FILE = Chatbot/Info.plist;
				LD_RUNPATH_SEARCH_PATHS = (
					"$(inherited)",
					"@executable_path/Frameworks",
				);
				PRODUCT_BUNDLE_IDENTIFIER = Swift.Chatbot;
				PRODUCT_NAME = "$(TARGET_NAME)";
				SWIFT_VERSION = 5.0;
				TARGETED_DEVICE_FAMILY = "1,2";
			};
			name = Release;
		};
/* End XCBuildConfiguration section */

/* Begin XCConfigurationList section */
		9286B0CC280451E700F53703 /* Build configuration list for PBXProject "Chatbot" */ = {
			isa = XCConfigurationList;
			buildConfigurations = (
				9286B0E6280451EB00F53703 /* Debug */,
				9286B0E7280451EB00F53703 /* Release */,
			);
			defaultConfigurationIsVisible = 0;
			defaultConfigurationName = Release;
		};
		9286B0E8280451EB00F53703 /* Build configuration list for PBXNativeTarget "Chatbot" */ = {
			isa = XCConfigurationList;
			buildConfigurations = (
				9286B0E9280451EB00F53703 /* Debug */,
				9286B0EA280451EB00F53703 /* Release */,
			);
			defaultConfigurationIsVisible = 0;
			defaultConfigurationName = Release;
		};
/* End XCConfigurationList section */

/* Begin XCVersionGroup section */
		92B75B1D2806E5B200B58B93 /* ChatDataModel.xcdatamodeld */ = {
			isa = XCVersionGroup;
			children = (
				92B75B1E2806E5B200B58B93 /* ChatDataModel.xcdatamodel */,
			);
			currentVersion = 92B75B1E2806E5B200B58B93 /* ChatDataModel.xcdatamodel */;
			path = ChatDataModel.xcdatamodeld;
			sourceTree = "<group>";
			versionGroupType = wrapper.xcdatamodel;
		};
/* End XCVersionGroup section */
	};
	rootObject = 9286B0C9280451E700F53703 /* Project object */;
}
